
Microsoft Visual Studio Solution File, Format Version 12.00
# Visual Studio Version 17
VisualStudioVersion = 17.6.33815.320
MinimumVisualStudioVersion = 10.0.40219.1
Project("{FAE04EC0-301F-11D3-BF4B-00C04F79EFBC}") = "PdfWatermarker", "PdfWatermarker\PdfWatermarker.csproj", "{AB480503-789B-4E12-BB09-7261719B4F6B}"
EndProject
Global
	GlobalSection(SolutionConfigurationPlatforms) = preSolution
		Debug|Any CPU = Debug|Any CPU
		Release|Any CPU = Release|Any CPU
	EndGlobalSection
	GlobalSection(ProjectConfigurationPlatforms) = postSolution
		{AB480503-789B-4E12-BB09-7261719B4F6B}.Debug|Any CPU.ActiveCfg = Debug|Any CPU
		{AB480503-789B-4E12-BB09-7261719B4F6B}.Debug|Any CPU.Build.0 = Debug|Any CPU
		{AB480503-789B-4E12-BB09-7261719B4F6B}.Release|Any CPU.ActiveCfg = Release|Any CPU
		{AB480503-789B-4E12-BB09-7261719B4F6B}.Release|Any CPU.Build.0 = Release|Any CPU
	EndGlobalSection
	GlobalSection(SolutionProperties) = preSolution
		HideSolutionNode = FALSE
	EndGlobalSection
	GlobalSection(ExtensibilityGlobals) = postSolution
		SolutionGuid = {D7383DF6-E5C7-457B-9895-517FC5917A62}
	EndGlobalSection
EndGlobal
